// !$*UTF8*$!
{
	archiveVersion = 1;
	classes = {};
	objectVersion = 56;
	objects = {

/* Begin PBXBuildFile section */
		37050E671BA84B459F79C5BA /* OrcaSlicerApp.swift in Sources */ = {isa = PBXBuildFile; fileRef = A10000000000000000000001 /* OrcaSlicerApp.swift */; };
		E9918435B7C6434388FB88C8 /* OrcaEngine.swift in Sources */ = {isa = PBXBuildFile; fileRef = A10000000000000000000002 /* OrcaEngine.swift */; };
		9BDD08926FAF4E85B7742190 /* sample_cube_20mm.stl in Resources */ = {isa = PBXBuildFile; fileRef = A10000000000000000000005 /* sample_cube_20mm.stl */; };
/* End PBXBuildFile section */

/* Begin PBXFileReference section */
		A10000000000000000000001 /* OrcaSlicerApp.swift */ = {isa = PBXFileReference; lastKnownFileType = sourcecode.swift; path = OrcaSlicerApp.swift; sourceTree = "<group>"; };
		A10000000000000000000002 /* OrcaEngine.swift */ = {isa = PBXFileReference; lastKnownFileType = sourcecode.swift; path = OrcaEngine.swift; sourceTree = "<group>"; };
		A10000000000000000000003 /* Info.plist */ = {isa = PBXFileReference; lastKnownFileType = text.plist.xml; path = Info.plist; sourceTree = "<group>"; };
		A10000000000000000000004 /* Bridging-Header.h */ = {isa = PBXFileReference; lastKnownFileType = sourcecode.c.h; path = "Bridging-Header.h"; sourceTree = "<group>"; };
		A10000000000000000000005 /* sample_cube_20mm.stl */ = {isa = PBXFileReference; lastKnownFileType = text; name = sample_cube_20mm.stl; path = sample_cube_20mm.stl; sourceTree = "<group>"; };
		7075EEBB3BB84423B7E80817 /* OrcaSlicer.app */ = {isa = PBXFileReference; explicitFileType = wrapper.application; includeInIndex = 0; path = OrcaSlicer.app; sourceTree = BUILT_PRODUCTS_DIR; };
/* End PBXFileReference section */

/* Begin PBXGroup section */
		89FB70045B534F888924DCDB = {
			isa = PBXGroup;
			children = (
				54CDC6283A7C4202B6B55330,
				A10000000000000000000005 /* sample_cube_20mm.stl */,
				FCFD2E7A4E424DBB9D6E968D,
			);
			sourceTree = "<group>";
		};
		54CDC6283A7C4202B6B55330 = {
			isa = PBXGroup;
			children = (
				A10000000000000000000001 /* OrcaSlicerApp.swift */,
				A10000000000000000000002 /* OrcaEngine.swift */,
				A10000000000000000000003 /* Info.plist */,
				A10000000000000000000004 /* Bridging-Header.h */,
			);
			path = OrcaSlicerApp;
			sourceTree = "<group>";
		};
		FCFD2E7A4E424DBB9D6E968D = {
			isa = PBXGroup;
			children = (
				7075EEBB3BB84423B7E80817 /* OrcaSlicer.app */,
			);
			name = Products;
			sourceTree = "<group>";
		};
/* End PBXGroup section */

/* Begin PBXNativeTarget section */
		D8CF01871FB74E2193A60759 /* OrcaSlicer */ = {
			isa = PBXNativeTarget;
			buildConfigurationList = 48C7942C192B477DAA72D724 /* Build configuration list for PBXNativeTarget "OrcaSlicer" */;
			buildPhases = (
				DEC0AC1347CE4BDAB18BC4EB /* Sources */,
				4E939E23636545398E329906 /* Frameworks */,
				736B39A070E8493EA6457CEF /* Resources */,
			);
			buildRules = (
			);
			dependencies = (
			);
			name = OrcaSlicer;
			productName = OrcaSlicer;
			productReference = 7075EEBB3BB84423B7E80817 /* OrcaSlicer.app */;
			productType = "com.apple.product-type.application";
		};
/* End PBXNativeTarget section */

/* Begin PBXProject section */
		D4B8DC032D2C49AF93FC5BDA /* Project object */ = {
			isa = PBXProject;
			attributes = {
				BuildIndependentTargetsInParallel = 1;
				LastSwiftUpdateCheck = 1600;
				LastUpgradeCheck = 1600;
			};
			buildConfigurationList = A06347C192C247CB8AEE9ADF /* Build configuration list for PBXProject "OrcaSlicer" */;
			compatibilityVersion = "Xcode 14.0";
			developmentRegion = en;
			hasScannedForEncodings = 0;
			knownRegions = (
				en,
				Base,
			);
			mainGroup = 89FB70045B534F888924DCDB;
			productRefGroup = FCFD2E7A4E424DBB9D6E968D;
			projectDirPath = "";
			projectRoot = "";
			targets = (
				D8CF01871FB74E2193A60759 /* OrcaSlicer */,
			);
		};
/* End PBXProject section */

/* Begin PBXResourcesBuildPhase section */
		736B39A070E8493EA6457CEF /* Resources */ = {
			isa = PBXResourcesBuildPhase;
			buildActionMask = 2147483647;
			files = (
				9BDD08926FAF4E85B7742190 /* sample_cube_20mm.stl in Resources */,
			);
			runOnlyForDeploymentPostprocessing = 0;
		};
/* End PBXResourcesBuildPhase section */

/* Begin PBXFrameworksBuildPhase section */
		4E939E23636545398E329906 /* Frameworks */ = {
			isa = PBXFrameworksBuildPhase;
			buildActionMask = 2147483647;
			files = (
			);
			runOnlyForDeploymentPostprocessing = 0;
		};
/* End PBXFrameworksBuildPhase section */

/* Begin PBXSourcesBuildPhase section */
		DEC0AC1347CE4BDAB18BC4EB /* Sources */ = {
			isa = PBXSourcesBuildPhase;
			buildActionMask = 2147483647;
			files = (
				37050E671BA84B459F79C5BA /* OrcaSlicerApp.swift in Sources */,
				E9918435B7C6434388FB88C8 /* OrcaEngine.swift in Sources */,
			);
			runOnlyForDeploymentPostprocessing = 0;
		};
/* End PBXSourcesBuildPhase section */

/* Begin XCBuildConfiguration section */
		E9B5DAB6F5F44F5E97DD87F0 /* Debug */ = {
			isa = XCBuildConfiguration;
			buildSettings = {
				ALWAYS_SEARCH_USER_PATHS = NO;
				CLANG_ENABLE_MODULES = YES;
				CLANG_ENABLE_OBJC_ARC = YES;
				IPHONEOS_DEPLOYMENT_TARGET = 16.0;
				MACOSX_DEPLOYMENT_TARGET = 13.0;
				ONLY_ACTIVE_ARCH = YES;
				SDKROOT = auto;
				SUPPORTED_PLATFORMS = "iphoneos iphonesimulator macosx";
			};
			name = Debug;
		};
		A30F5EAEAABA4A7EA92A5EF4 /* Release */ = {
			isa = XCBuildConfiguration;
			buildSettings = {
				ALWAYS_SEARCH_USER_PATHS = NO;
				CLANG_ENABLE_MODULES = YES;
				CLANG_ENABLE_OBJC_ARC = YES;
				IPHONEOS_DEPLOYMENT_TARGET = 16.0;
				MACOSX_DEPLOYMENT_TARGET = 13.0;
				SDKROOT = auto;
				SUPPORTED_PLATFORMS = "iphoneos iphonesimulator macosx";
			};
			name = Release;
		};
		E1BCABB95DC343F7AAF966DC /* Debug */ = {
			isa = XCBuildConfiguration;
			buildSettings = {
				ALWAYS_SEARCH_USER_PATHS = NO;
				ASSETCATALOG_COMPILER_APPICON_NAME = AppIcon;
				CLANG_ENABLE_MODULES = YES;
				CLANG_ENABLE_OBJC_ARC = YES;
				CODE_SIGN_STYLE = Automatic;
				CURRENT_PROJECT_VERSION = 1;
				DEVELOPMENT_TEAM = "";
				ENABLE_PREVIEWS = YES;
				ENGINE_LIB_DIR = "$(SRCROOT)/../build-macos-headless-arm64/engine_bundle/lib";
				GENERATE_INFOPLIST_FILE = NO;
				HEADER_SEARCH_PATHS = (
					"$(SRCROOT)/../src/ios",
					"$(inherited)",
				);
				INFOPLIST_FILE = OrcaSlicerApp/Info.plist;
				INFOPLIST_KEY_UIApplicationSceneManifest_Generation = YES;
				IPHONEOS_DEPLOYMENT_TARGET = 16.0;
				LD_RUNPATH_SEARCH_PATHS = (
					"$(inherited)",
					"@executable_path/Frameworks",
				);
				LIBRARY_SEARCH_PATHS = (
					"$(inherited)",
				);
				MACOSX_DEPLOYMENT_TARGET = 13.0;
				MARKETING_VERSION = 2.5.0;
				OTHER_LDFLAGS = (
					"$(inherited)",
				);
				"OTHER_LDFLAGS[sdk=macosx*]" = (
					"$(inherited)",
					"-lorca_engine -lc++ -lz -liconv -lexpat -framework Foundation -framework ModelIO -framework IOKit -framework CoreFoundation -framework Security -framework SystemConfiguration",
				);
				"LIBRARY_SEARCH_PATHS[sdk=macosx*]" = (
					"$(SRCROOT)/../build-macos-headless-arm64/engine_bundle/lib",
					"$(inherited)",
				);
				PRODUCT_BUNDLE_IDENTIFIER = com.orcaslicer.ios;
				PRODUCT_NAME = "$(TARGET_NAME)";
				SUPPORTED_PLATFORMS = "iphoneos iphonesimulator macosx";
				SUPPORTS_MACCATALYST = NO;
				SWIFT_ACTIVE_COMPILATION_CONDITIONS = "";
				"SWIFT_ACTIVE_COMPILATION_CONDITIONS[sdk=macosx*]" = "ORCA_LINKED";
				SWIFT_EMIT_LOC_STRINGS = YES;
				SWIFT_OBJC_BRIDGING_HEADER = "OrcaSlicerApp/Bridging-Header.h";
				SWIFT_VERSION = 5.0;
				TARGETED_DEVICE_FAMILY = "1,2,6";
			};
			name = Debug;

		};
		DC680B3A438347E8B35941C9 /* Release */ = {
			isa = XCBuildConfiguration;
			buildSettings = {
				ALWAYS_SEARCH_USER_PATHS = NO;
				ASSETCATALOG_COMPILER_APPICON_NAME = AppIcon;
				CLANG_ENABLE_MODULES = YES;
				CLANG_ENABLE_OBJC_ARC = YES;
				CODE_SIGN_STYLE = Automatic;
				CURRENT_PROJECT_VERSION = 1;
				DEVELOPMENT_TEAM = "";
				ENABLE_PREVIEWS = YES;
				ENGINE_LIB_DIR = "$(SRCROOT)/../build-macos-headless-arm64/engine_bundle/lib";
				GENERATE_INFOPLIST_FILE = NO;
				HEADER_SEARCH_PATHS = (
					"$(SRCROOT)/../src/ios",
					"$(inherited)",
				);
				INFOPLIST_FILE = OrcaSlicerApp/Info.plist;
				INFOPLIST_KEY_UIApplicationSceneManifest_Generation = YES;
				IPHONEOS_DEPLOYMENT_TARGET = 16.0;
				LD_RUNPATH_SEARCH_PATHS = (
					"$(inherited)",
					"@executable_path/Frameworks",
				);
				LIBRARY_SEARCH_PATHS = (
					"$(inherited)",
				);
				MACOSX_DEPLOYMENT_TARGET = 13.0;
				MARKETING_VERSION = 2.5.0;
				OTHER_LDFLAGS = (
					"$(inherited)",
				);
				"OTHER_LDFLAGS[sdk=macosx*]" = (
					"$(inherited)",
					"-lorca_engine -lc++ -lz -liconv -lexpat -framework Foundation -framework ModelIO -framework IOKit -framework CoreFoundation -framework Security -framework SystemConfiguration",
				);
				"LIBRARY_SEARCH_PATHS[sdk=macosx*]" = (
					"$(SRCROOT)/../build-macos-headless-arm64/engine_bundle/lib",
					"$(inherited)",
				);
				PRODUCT_BUNDLE_IDENTIFIER = com.orcaslicer.ios;
				PRODUCT_NAME = "$(TARGET_NAME)";
				SUPPORTED_PLATFORMS = "iphoneos iphonesimulator macosx";
				SUPPORTS_MACCATALYST = NO;
				SWIFT_ACTIVE_COMPILATION_CONDITIONS = "";
				"SWIFT_ACTIVE_COMPILATION_CONDITIONS[sdk=macosx*]" = "ORCA_LINKED";
				SWIFT_EMIT_LOC_STRINGS = YES;
				SWIFT_OBJC_BRIDGING_HEADER = "OrcaSlicerApp/Bridging-Header.h";
				SWIFT_VERSION = 5.0;
				TARGETED_DEVICE_FAMILY = "1,2,6";
			};
			name = Release;

		};
/* End XCBuildConfiguration section */

/* Begin XCConfigurationList section */
		A06347C192C247CB8AEE9ADF /* Build configuration list for PBXProject "OrcaSlicer" */ = {
			isa = XCConfigurationList;
			buildConfigurations = (
				E9B5DAB6F5F44F5E97DD87F0 /* Debug */,
				A30F5EAEAABA4A7EA92A5EF4 /* Release */,
			);
			defaultConfigurationIsVisible = 0;
			defaultConfigurationName = Release;
		};
		48C7942C192B477DAA72D724 /* Build configuration list for PBXNativeTarget "OrcaSlicer" */ = {
			isa = XCConfigurationList;
			buildConfigurations = (
				E1BCABB95DC343F7AAF966DC /* Debug */,
				DC680B3A438347E8B35941C9 /* Release */,
			);
			defaultConfigurationIsVisible = 0;
			defaultConfigurationName = Release;
		};
/* End XCConfigurationList section */
	};
	rootObject = D4B8DC032D2C49AF93FC5BDA /* Project object */;
}
