// !$*UTF8*$!
{
	archiveVersion = 1;
	classes = {};
	objectVersion = 56;
	objects = {

/* Begin PBXBuildFile section */
		456071F4DF7F481DB3EE3CFE /* OrcaSlicerApp.swift in Sources */ = {isa = PBXBuildFile; fileRef = A10000000000000000000001 /* OrcaSlicerApp.swift */; };
		D2853E1787F74E46ABCDA67B /* OrcaEngine.swift in Sources */ = {isa = PBXBuildFile; fileRef = A10000000000000000000002 /* OrcaEngine.swift */; };
		73E30D7B3F3F4E00BD389C22 /* sample_cube_20mm.stl in Resources */ = {isa = PBXBuildFile; fileRef = A10000000000000000000005 /* sample_cube_20mm.stl */; };
		2DB6A21F92B14D71879D9991 /* OrcaSlicerLogo.png in Resources */ = {isa = PBXBuildFile; fileRef = A10000000000000000000006 /* OrcaSlicerLogo.png */; };
		BA7B31870C20478D8722E85A /* Assets.xcassets in Resources */ = {isa = PBXBuildFile; fileRef = A10000000000000000000007 /* Assets.xcassets */; };
/* End PBXBuildFile section */

/* Begin PBXFileReference section */
		A10000000000000000000001 /* OrcaSlicerApp.swift */ = {isa = PBXFileReference; lastKnownFileType = sourcecode.swift; path = OrcaSlicerApp.swift; sourceTree = "<group>"; };
		A10000000000000000000002 /* OrcaEngine.swift */ = {isa = PBXFileReference; lastKnownFileType = sourcecode.swift; path = OrcaEngine.swift; sourceTree = "<group>"; };
		A10000000000000000000003 /* Info.plist */ = {isa = PBXFileReference; lastKnownFileType = text.plist.xml; path = Info.plist; sourceTree = "<group>"; };
		A10000000000000000000004 /* Bridging-Header.h */ = {isa = PBXFileReference; lastKnownFileType = sourcecode.c.h; path = "Bridging-Header.h"; sourceTree = "<group>"; };
		A10000000000000000000005 /* sample_cube_20mm.stl */ = {isa = PBXFileReference; lastKnownFileType = text; name = sample_cube_20mm.stl; path = sample_cube_20mm.stl; sourceTree = "<group>"; };
		A10000000000000000000006 /* OrcaSlicerLogo.png */ = {isa = PBXFileReference; lastKnownFileType = image.png; path = OrcaSlicerLogo.png; sourceTree = "<group>"; };
		A10000000000000000000007 /* Assets.xcassets */ = {isa = PBXFileReference; lastKnownFileType = folder.assetcatalog; path = Assets.xcassets; sourceTree = "<group>"; };
		5382E2B3F0B84B319BBBB5ED /* OrcaSlicer.app */ = {isa = PBXFileReference; explicitFileType = wrapper.application; includeInIndex = 0; path = OrcaSlicer.app; sourceTree = BUILT_PRODUCTS_DIR; };
/* End PBXFileReference section */

/* Begin PBXGroup section */
		149960BE231446EFB5FA65C5 = {
			isa = PBXGroup;
			children = (
				46A089A13EA24EF5B53EB63B,
				A10000000000000000000005 /* sample_cube_20mm.stl */,
				B80339347BC84A2397E4CC18,
			);
			sourceTree = "<group>";
		};
		46A089A13EA24EF5B53EB63B = {
			isa = PBXGroup;
			children = (
				A10000000000000000000001 /* OrcaSlicerApp.swift */,
				A10000000000000000000002 /* OrcaEngine.swift */,
				A10000000000000000000003 /* Info.plist */,
				A10000000000000000000004 /* Bridging-Header.h */,
				A10000000000000000000006 /* OrcaSlicerLogo.png */,
				A10000000000000000000007 /* Assets.xcassets */,
			);
			path = OrcaSlicerApp;
			sourceTree = "<group>";
		};
		B80339347BC84A2397E4CC18 = {
			isa = PBXGroup;
			children = (
				5382E2B3F0B84B319BBBB5ED /* OrcaSlicer.app */,
			);
			name = Products;
			sourceTree = "<group>";
		};
/* End PBXGroup section */

/* Begin PBXNativeTarget section */
		3AED139762A6412DABC0A84E /* OrcaSlicer */ = {
			isa = PBXNativeTarget;
			buildConfigurationList = FAD978BFC80242C49207B346 /* Build configuration list for PBXNativeTarget "OrcaSlicer" */;
			buildPhases = (
				476BB91AE7C44D30B65B3AA7 /* Sources */,
				B2EA9341440C49F2B0966D6D /* Frameworks */,
				96CD0375DD7840B399B8E608 /* Resources */,
			);
			buildRules = (
			);
			dependencies = (
			);
			name = OrcaSlicer;
			productName = OrcaSlicer;
			productReference = 5382E2B3F0B84B319BBBB5ED /* OrcaSlicer.app */;
			productType = "com.apple.product-type.application";
		};
/* End PBXNativeTarget section */

/* Begin PBXProject section */
		2CAFD028814A462097CC4084 /* Project object */ = {
			isa = PBXProject;
			attributes = {
				BuildIndependentTargetsInParallel = 1;
				LastSwiftUpdateCheck = 1600;
				LastUpgradeCheck = 1600;
			};
			buildConfigurationList = 53A2A17BA0214D97868F3335 /* Build configuration list for PBXProject "OrcaSlicer" */;
			compatibilityVersion = "Xcode 14.0";
			developmentRegion = en;
			hasScannedForEncodings = 0;
			knownRegions = (
				en,
				Base,
			);
			mainGroup = 149960BE231446EFB5FA65C5;
			productRefGroup = B80339347BC84A2397E4CC18;
			projectDirPath = "";
			projectRoot = "";
			targets = (
				3AED139762A6412DABC0A84E /* OrcaSlicer */,
			);
		};
/* End PBXProject section */

/* Begin PBXResourcesBuildPhase section */
		96CD0375DD7840B399B8E608 /* Resources */ = {
			isa = PBXResourcesBuildPhase;
			buildActionMask = 2147483647;
			files = (
				73E30D7B3F3F4E00BD389C22 /* sample_cube_20mm.stl in Resources */,
				2DB6A21F92B14D71879D9991 /* OrcaSlicerLogo.png in Resources */,
				BA7B31870C20478D8722E85A /* Assets.xcassets in Resources */,
			);
			runOnlyForDeploymentPostprocessing = 0;
		};
/* End PBXResourcesBuildPhase section */

/* Begin PBXFrameworksBuildPhase section */
		B2EA9341440C49F2B0966D6D /* Frameworks */ = {
			isa = PBXFrameworksBuildPhase;
			buildActionMask = 2147483647;
			files = (
			);
			runOnlyForDeploymentPostprocessing = 0;
		};
/* End PBXFrameworksBuildPhase section */

/* Begin PBXSourcesBuildPhase section */
		476BB91AE7C44D30B65B3AA7 /* Sources */ = {
			isa = PBXSourcesBuildPhase;
			buildActionMask = 2147483647;
			files = (
				456071F4DF7F481DB3EE3CFE /* OrcaSlicerApp.swift in Sources */,
				D2853E1787F74E46ABCDA67B /* OrcaEngine.swift in Sources */,
			);
			runOnlyForDeploymentPostprocessing = 0;
		};
/* End PBXSourcesBuildPhase section */

/* Begin XCBuildConfiguration section */
		C0146232E9C3478E8B78647A /* Debug */ = {
			isa = XCBuildConfiguration;
			buildSettings = {
				ALWAYS_SEARCH_USER_PATHS = NO;
				CLANG_ENABLE_MODULES = YES;
				CLANG_ENABLE_OBJC_ARC = YES;
				IPHONEOS_DEPLOYMENT_TARGET = 16.0;
				MACOSX_DEPLOYMENT_TARGET = 13.0;
				ONLY_ACTIVE_ARCH = YES;
				SDKROOT = auto;
				SUPPORTED_PLATFORMS = "iphoneos iphonesimulator macosx";
			};
			name = Debug;
		};
		4F59FCD2883641A29E47A4CA /* Release */ = {
			isa = XCBuildConfiguration;
			buildSettings = {
				ALWAYS_SEARCH_USER_PATHS = NO;
				CLANG_ENABLE_MODULES = YES;
				CLANG_ENABLE_OBJC_ARC = YES;
				IPHONEOS_DEPLOYMENT_TARGET = 16.0;
				MACOSX_DEPLOYMENT_TARGET = 13.0;
				SDKROOT = auto;
				SUPPORTED_PLATFORMS = "iphoneos iphonesimulator macosx";
			};
			name = Release;
		};
		7FEB3B2337384D55B5D28286 /* Debug */ = {
			isa = XCBuildConfiguration;
			buildSettings = {
				ALWAYS_SEARCH_USER_PATHS = NO;
				ASSETCATALOG_COMPILER_APPICON_NAME = AppIcon;
				CLANG_ENABLE_MODULES = YES;
				CLANG_ENABLE_OBJC_ARC = YES;
				CODE_SIGN_STYLE = Automatic;
				CURRENT_PROJECT_VERSION = 1;
				DEVELOPMENT_TEAM = "";
				ENABLE_PREVIEWS = YES;
				GENERATE_INFOPLIST_FILE = NO;
				HEADER_SEARCH_PATHS = (
					"$(SRCROOT)/../src/ios",
					"$(inherited)",
				);
				INFOPLIST_FILE = OrcaSlicerApp/Info.plist;
				INFOPLIST_KEY_UIApplicationSceneManifest_Generation = YES;
				IPHONEOS_DEPLOYMENT_TARGET = 16.0;
				LD_RUNPATH_SEARCH_PATHS = (
					"$(inherited)",
					"@executable_path/Frameworks",
				);
				LIBRARY_SEARCH_PATHS = (
					"$(inherited)",
				);
				MACOSX_DEPLOYMENT_TARGET = 13.0;
				MARKETING_VERSION = 2.5.0;
				OTHER_LDFLAGS = (
					"$(inherited)",
				);
				PRODUCT_BUNDLE_IDENTIFIER = com.orcaslicer.ios;
				PRODUCT_NAME = "$(TARGET_NAME)";
				SUPPORTED_PLATFORMS = "iphoneos iphonesimulator macosx";
				SUPPORTS_MACCATALYST = NO;
				SWIFT_ACTIVE_COMPILATION_CONDITIONS = "";
				SWIFT_EMIT_LOC_STRINGS = YES;
				SWIFT_OBJC_BRIDGING_HEADER = "OrcaSlicerApp/Bridging-Header.h";
				SWIFT_VERSION = 5.0;
				TARGETED_DEVICE_FAMILY = "1,2,6";
				"LIBRARY_SEARCH_PATHS[sdk=macosx*]" = (
					"$(SRCROOT)/../build-macos-headless-arm64/engine_bundle/lib",
					"$(inherited)",
				);
				"OTHER_LDFLAGS[sdk=macosx*]" = (
					"$(inherited)",
					"-lorca_engine -lc++ -lz -liconv -lexpat -framework Foundation -framework ModelIO -framework IOKit -framework CoreFoundation -framework Security -framework SystemConfiguration",
				);
				"SWIFT_ACTIVE_COMPILATION_CONDITIONS[sdk=macosx*]" = "ORCA_LINKED";
				"LIBRARY_SEARCH_PATHS[sdk=iphonesimulator*]" = (
					"$(SRCROOT)/../build-ios-iphonesimulator-arm64/engine_bundle/lib",
					"$(inherited)",
				);
				"OTHER_LDFLAGS[sdk=iphonesimulator*]" = (
					"$(inherited)",
					"-lorca_engine -lc++ -lz -liconv -lexpat -framework Foundation -framework ModelIO -framework Security -framework SystemConfiguration",
				);
				"SWIFT_ACTIVE_COMPILATION_CONDITIONS[sdk=iphonesimulator*]" = "ORCA_LINKED";
				"LIBRARY_SEARCH_PATHS[sdk=iphoneos*]" = (
					"$(SRCROOT)/../build-ios-iphonesimulator-arm64/engine_bundle/lib",
					"$(inherited)",
				);
				"OTHER_LDFLAGS[sdk=iphoneos*]" = (
					"$(inherited)",
					"-lorca_engine -lc++ -lz -liconv -lexpat -framework Foundation -framework ModelIO -framework Security -framework SystemConfiguration",
				);
				"SWIFT_ACTIVE_COMPILATION_CONDITIONS[sdk=iphoneos*]" = "ORCA_LINKED";
			};
			name = Debug;
		};
		203C17F9ACD84F58952C9FCF /* Release */ = {
			isa = XCBuildConfiguration;
			buildSettings = {
				ALWAYS_SEARCH_USER_PATHS = NO;
				ASSETCATALOG_COMPILER_APPICON_NAME = AppIcon;
				CLANG_ENABLE_MODULES = YES;
				CLANG_ENABLE_OBJC_ARC = YES;
				CODE_SIGN_STYLE = Automatic;
				CURRENT_PROJECT_VERSION = 1;
				DEVELOPMENT_TEAM = "";
				ENABLE_PREVIEWS = YES;
				GENERATE_INFOPLIST_FILE = NO;
				HEADER_SEARCH_PATHS = (
					"$(SRCROOT)/../src/ios",
					"$(inherited)",
				);
				INFOPLIST_FILE = OrcaSlicerApp/Info.plist;
				INFOPLIST_KEY_UIApplicationSceneManifest_Generation = YES;
				IPHONEOS_DEPLOYMENT_TARGET = 16.0;
				LD_RUNPATH_SEARCH_PATHS = (
					"$(inherited)",
					"@executable_path/Frameworks",
				);
				LIBRARY_SEARCH_PATHS = (
					"$(inherited)",
				);
				MACOSX_DEPLOYMENT_TARGET = 13.0;
				MARKETING_VERSION = 2.5.0;
				OTHER_LDFLAGS = (
					"$(inherited)",
				);
				PRODUCT_BUNDLE_IDENTIFIER = com.orcaslicer.ios;
				PRODUCT_NAME = "$(TARGET_NAME)";
				SUPPORTED_PLATFORMS = "iphoneos iphonesimulator macosx";
				SUPPORTS_MACCATALYST = NO;
				SWIFT_ACTIVE_COMPILATION_CONDITIONS = "";
				SWIFT_EMIT_LOC_STRINGS = YES;
				SWIFT_OBJC_BRIDGING_HEADER = "OrcaSlicerApp/Bridging-Header.h";
				SWIFT_VERSION = 5.0;
				TARGETED_DEVICE_FAMILY = "1,2,6";
				"LIBRARY_SEARCH_PATHS[sdk=macosx*]" = (
					"$(SRCROOT)/../build-macos-headless-arm64/engine_bundle/lib",
					"$(inherited)",
				);
				"OTHER_LDFLAGS[sdk=macosx*]" = (
					"$(inherited)",
					"-lorca_engine -lc++ -lz -liconv -lexpat -framework Foundation -framework ModelIO -framework IOKit -framework CoreFoundation -framework Security -framework SystemConfiguration",
				);
				"SWIFT_ACTIVE_COMPILATION_CONDITIONS[sdk=macosx*]" = "ORCA_LINKED";
				"LIBRARY_SEARCH_PATHS[sdk=iphonesimulator*]" = (
					"$(SRCROOT)/../build-ios-iphonesimulator-arm64/engine_bundle/lib",
					"$(inherited)",
				);
				"OTHER_LDFLAGS[sdk=iphonesimulator*]" = (
					"$(inherited)",
					"-lorca_engine -lc++ -lz -liconv -lexpat -framework Foundation -framework ModelIO -framework Security -framework SystemConfiguration",
				);
				"SWIFT_ACTIVE_COMPILATION_CONDITIONS[sdk=iphonesimulator*]" = "ORCA_LINKED";
				"LIBRARY_SEARCH_PATHS[sdk=iphoneos*]" = (
					"$(SRCROOT)/../build-ios-iphonesimulator-arm64/engine_bundle/lib",
					"$(inherited)",
				);
				"OTHER_LDFLAGS[sdk=iphoneos*]" = (
					"$(inherited)",
					"-lorca_engine -lc++ -lz -liconv -lexpat -framework Foundation -framework ModelIO -framework Security -framework SystemConfiguration",
				);
				"SWIFT_ACTIVE_COMPILATION_CONDITIONS[sdk=iphoneos*]" = "ORCA_LINKED";
			};
			name = Release;
		};
/* End XCBuildConfiguration section */

/* Begin XCConfigurationList section */
		53A2A17BA0214D97868F3335 /* Build configuration list for PBXProject "OrcaSlicer" */ = {
			isa = XCConfigurationList;
			buildConfigurations = (
				C0146232E9C3478E8B78647A /* Debug */,
				4F59FCD2883641A29E47A4CA /* Release */,
			);
			defaultConfigurationIsVisible = 0;
			defaultConfigurationName = Release;
		};
		FAD978BFC80242C49207B346 /* Build configuration list for PBXNativeTarget "OrcaSlicer" */ = {
			isa = XCConfigurationList;
			buildConfigurations = (
				7FEB3B2337384D55B5D28286 /* Debug */,
				203C17F9ACD84F58952C9FCF /* Release */,
			);
			defaultConfigurationIsVisible = 0;
			defaultConfigurationName = Release;
		};
/* End XCConfigurationList section */
	};
	rootObject = 2CAFD028814A462097CC4084 /* Project object */;
}
