// !$*UTF8*$!
{
	archiveVersion = 1;
	classes = {};
	objectVersion = 56;
	objects = {

/* Begin PBXBuildFile section */
		962C97385D7742A68C0D9E80 /* OrcaSlicerApp.swift in Sources */ = {isa = PBXBuildFile; fileRef = A10000000000000000000001 /* OrcaSlicerApp.swift */; };
		F5546480F1084F8CB2B720A2 /* OrcaEngine.swift in Sources */ = {isa = PBXBuildFile; fileRef = A10000000000000000000002 /* OrcaEngine.swift */; };
		23671516A51C42EA924CB577 /* PlateSceneView.swift in Sources */ = {isa = PBXBuildFile; fileRef = A10000000000000000000008 /* PlateSceneView.swift */; };
		32D229BC4FA7428BB3EF258F /* ProcessOptions.swift in Sources */ = {isa = PBXBuildFile; fileRef = A1000000000000000000000C /* ProcessOptions.swift */; };
		14870120A613416B95E47676 /* OrcaSlicerLogo.png in Resources */ = {isa = PBXBuildFile; fileRef = A10000000000000000000006 /* OrcaSlicerLogo.png */; };
		780172886CD64C45B9907F1C /* Assets.xcassets in Resources */ = {isa = PBXBuildFile; fileRef = A10000000000000000000007 /* Assets.xcassets */; };
		E5FD5FDB605542F098EE2A69 /* process_0.20mm_Standard.json in Resources */ = {isa = PBXBuildFile; fileRef = A10000000000000000000009 /* process_0.20mm_Standard.json */; };
		2A10030302F94C98A12AD866 /* process_0.16mm_Fine.json in Resources */ = {isa = PBXBuildFile; fileRef = A1000000000000000000000A /* process_0.16mm_Fine.json */; };
		958A91741D4C4BA6A57580E1 /* profiles in Resources */ = {isa = PBXBuildFile; fileRef = A1000000000000000000000B /* profiles */; };
/* End PBXBuildFile section */

/* Begin PBXFileReference section */
		A10000000000000000000001 /* OrcaSlicerApp.swift */ = {isa = PBXFileReference; lastKnownFileType = sourcecode.swift; path = OrcaSlicerApp.swift; sourceTree = "<group>"; };
		A10000000000000000000002 /* OrcaEngine.swift */ = {isa = PBXFileReference; lastKnownFileType = sourcecode.swift; path = OrcaEngine.swift; sourceTree = "<group>"; };
		A10000000000000000000003 /* Info.plist */ = {isa = PBXFileReference; lastKnownFileType = text.plist.xml; path = Info.plist; sourceTree = "<group>"; };
		A10000000000000000000004 /* Bridging-Header.h */ = {isa = PBXFileReference; lastKnownFileType = sourcecode.c.h; path = "Bridging-Header.h"; sourceTree = "<group>"; };
		A10000000000000000000006 /* OrcaSlicerLogo.png */ = {isa = PBXFileReference; lastKnownFileType = image.png; path = OrcaSlicerLogo.png; sourceTree = "<group>"; };
		A10000000000000000000007 /* Assets.xcassets */ = {isa = PBXFileReference; lastKnownFileType = folder.assetcatalog; path = Assets.xcassets; sourceTree = "<group>"; };
		A10000000000000000000008 /* PlateSceneView.swift */ = {isa = PBXFileReference; lastKnownFileType = sourcecode.swift; path = PlateSceneView.swift; sourceTree = "<group>"; };
		A1000000000000000000000C /* ProcessOptions.swift */ = {isa = PBXFileReference; lastKnownFileType = sourcecode.swift; path = ProcessOptions.swift; sourceTree = "<group>"; };
		A10000000000000000000009 /* process_0.20mm_Standard.json */ = {isa = PBXFileReference; lastKnownFileType = text.json; path = process_0.20mm_Standard.json; sourceTree = "<group>"; };
		A1000000000000000000000A /* process_0.16mm_Fine.json */ = {isa = PBXFileReference; lastKnownFileType = text.json; path = process_0.16mm_Fine.json; sourceTree = "<group>"; };
		A1000000000000000000000B /* profiles */ = {isa = PBXFileReference; lastKnownFileType = folder; name = profiles; path = Resources/profiles; sourceTree = "<group>"; };
		8BBF017EB8654CC5BCCF9CF5 /* OrcaSlicer.app */ = {isa = PBXFileReference; explicitFileType = wrapper.application; includeInIndex = 0; path = OrcaSlicer.app; sourceTree = BUILT_PRODUCTS_DIR; };
/* End PBXFileReference section */

/* Begin PBXGroup section */
		BF5B32906B9F44BEBBF7BE2E = {
			isa = PBXGroup;
			children = (
				1E7D36E3D77C4EBDB13CE3A4,
				92A9813160B7461BA1FCE456,
			);
			sourceTree = "<group>";
		};
		1E7D36E3D77C4EBDB13CE3A4 = {
			isa = PBXGroup;
			children = (
				A10000000000000000000001 /* OrcaSlicerApp.swift */,
				A10000000000000000000002 /* OrcaEngine.swift */,
				A10000000000000000000008 /* PlateSceneView.swift */,
				A1000000000000000000000C /* ProcessOptions.swift */,
				A10000000000000000000003 /* Info.plist */,
				A10000000000000000000004 /* Bridging-Header.h */,
				A10000000000000000000006 /* OrcaSlicerLogo.png */,
				A10000000000000000000007 /* Assets.xcassets */,
				A10000000000000000000009 /* process_0.20mm_Standard.json */,
				A1000000000000000000000A /* process_0.16mm_Fine.json */,
				A1000000000000000000000B /* profiles */,
			);
			path = OrcaSlicerApp;
			sourceTree = "<group>";
		};
		92A9813160B7461BA1FCE456 = {
			isa = PBXGroup;
			children = (
				8BBF017EB8654CC5BCCF9CF5 /* OrcaSlicer.app */,
			);
			name = Products;
			sourceTree = "<group>";
		};
/* End PBXGroup section */

/* Begin PBXNativeTarget section */
		897BECDDB59741399164AE5B /* OrcaSlicer */ = {
			isa = PBXNativeTarget;
			buildConfigurationList = E8B9894B419E4B1396B8489D /* Build configuration list for PBXNativeTarget "OrcaSlicer" */;
			buildPhases = (
				96D3CED9D9184753967A60EF /* Sources */,
				69DC5CAFBFE74C2F9D238C1D /* Frameworks */,
				93853C33AF0E4B2FB7B0584E /* Resources */,
			);
			buildRules = (
			);
			dependencies = (
			);
			name = OrcaSlicer;
			productName = OrcaSlicer;
			productReference = 8BBF017EB8654CC5BCCF9CF5 /* OrcaSlicer.app */;
			productType = "com.apple.product-type.application";
		};
/* End PBXNativeTarget section */

/* Begin PBXProject section */
		324828397F394BE59642D8C3 /* Project object */ = {
			isa = PBXProject;
			attributes = {
				BuildIndependentTargetsInParallel = 1;
				LastSwiftUpdateCheck = 1600;
				LastUpgradeCheck = 1600;
			};
			buildConfigurationList = 9CBA0C6168B54BD5B1FB5A9F /* Build configuration list for PBXProject "OrcaSlicer" */;
			compatibilityVersion = "Xcode 14.0";
			developmentRegion = en;
			hasScannedForEncodings = 0;
			knownRegions = (
				en,
				Base,
			);
			mainGroup = BF5B32906B9F44BEBBF7BE2E;
			productRefGroup = 92A9813160B7461BA1FCE456;
			projectDirPath = "";
			projectRoot = "";
			targets = (
				897BECDDB59741399164AE5B /* OrcaSlicer */,
			);
		};
/* End PBXProject section */

/* Begin PBXResourcesBuildPhase section */
		93853C33AF0E4B2FB7B0584E /* Resources */ = {
			isa = PBXResourcesBuildPhase;
			buildActionMask = 2147483647;
			files = (
				14870120A613416B95E47676 /* OrcaSlicerLogo.png in Resources */,
				780172886CD64C45B9907F1C /* Assets.xcassets in Resources */,
				E5FD5FDB605542F098EE2A69 /* process_0.20mm_Standard.json in Resources */,
				2A10030302F94C98A12AD866 /* process_0.16mm_Fine.json in Resources */,
				958A91741D4C4BA6A57580E1 /* profiles in Resources */,
			);
			runOnlyForDeploymentPostprocessing = 0;
		};
/* End PBXResourcesBuildPhase section */

/* Begin PBXFrameworksBuildPhase section */
		69DC5CAFBFE74C2F9D238C1D /* Frameworks */ = {
			isa = PBXFrameworksBuildPhase;
			buildActionMask = 2147483647;
			files = (
			);
			runOnlyForDeploymentPostprocessing = 0;
		};
/* End PBXFrameworksBuildPhase section */

/* Begin PBXSourcesBuildPhase section */
		96D3CED9D9184753967A60EF /* Sources */ = {
			isa = PBXSourcesBuildPhase;
			buildActionMask = 2147483647;
			files = (
				962C97385D7742A68C0D9E80 /* OrcaSlicerApp.swift in Sources */,
				F5546480F1084F8CB2B720A2 /* OrcaEngine.swift in Sources */,
				23671516A51C42EA924CB577 /* PlateSceneView.swift in Sources */,
				32D229BC4FA7428BB3EF258F /* ProcessOptions.swift in Sources */,
			);
			runOnlyForDeploymentPostprocessing = 0;
		};
/* End PBXSourcesBuildPhase section */

/* Begin XCBuildConfiguration section */
		5C375A3BAA2A42FC93271C8B /* Debug */ = {
			isa = XCBuildConfiguration;
			buildSettings = {
				ALWAYS_SEARCH_USER_PATHS = NO;
				CLANG_ENABLE_MODULES = YES;
				CLANG_ENABLE_OBJC_ARC = YES;
				IPHONEOS_DEPLOYMENT_TARGET = 16.0;
				MACOSX_DEPLOYMENT_TARGET = 13.0;
				ONLY_ACTIVE_ARCH = YES;
				SDKROOT = auto;
				SUPPORTED_PLATFORMS = "iphoneos iphonesimulator macosx";
			};
			name = Debug;
		};
		C2D5261FB7B84DB88EA1508F /* Release */ = {
			isa = XCBuildConfiguration;
			buildSettings = {
				ALWAYS_SEARCH_USER_PATHS = NO;
				CLANG_ENABLE_MODULES = YES;
				CLANG_ENABLE_OBJC_ARC = YES;
				IPHONEOS_DEPLOYMENT_TARGET = 16.0;
				MACOSX_DEPLOYMENT_TARGET = 13.0;
				SDKROOT = auto;
				SUPPORTED_PLATFORMS = "iphoneos iphonesimulator macosx";
			};
			name = Release;
		};
		2F89C05B7CE24E1CA3B64241 /* Debug */ = {
			isa = XCBuildConfiguration;
			buildSettings = {
				ALWAYS_SEARCH_USER_PATHS = NO;
				ASSETCATALOG_COMPILER_APPICON_NAME = AppIcon;
				CLANG_ENABLE_MODULES = YES;
				CLANG_ENABLE_OBJC_ARC = YES;
				CODE_SIGN_STYLE = Automatic;
				CURRENT_PROJECT_VERSION = 1;
				DEVELOPMENT_TEAM = "6PU4X4CG8B";
				ENABLE_PREVIEWS = YES;
				GENERATE_INFOPLIST_FILE = NO;
				HEADER_SEARCH_PATHS = (
					"$(SRCROOT)/../src/ios",
					"$(inherited)",
				);
				INFOPLIST_FILE = OrcaSlicerApp/Info.plist;
				INFOPLIST_KEY_UIApplicationSceneManifest_Generation = YES;
				IPHONEOS_DEPLOYMENT_TARGET = 16.0;
				LD_RUNPATH_SEARCH_PATHS = (
					"$(inherited)",
					"@executable_path/Frameworks",
				);
				LIBRARY_SEARCH_PATHS = (
					"$(inherited)",
				);
				MACOSX_DEPLOYMENT_TARGET = 13.0;
				MARKETING_VERSION = 2.5.0;
				"EXCLUDED_ARCHS[sdk=iphonesimulator*]" = "x86_64 i386";
				ONLY_ACTIVE_ARCH = YES;
				OTHER_LDFLAGS = (
					"$(inherited)",
				);
				PRODUCT_BUNDLE_IDENTIFIER = com.orcaslicer.ios;
				PRODUCT_NAME = "$(TARGET_NAME)";
				SUPPORTED_PLATFORMS = "iphoneos iphonesimulator macosx";
				SUPPORTS_MACCATALYST = NO;
				SWIFT_ACTIVE_COMPILATION_CONDITIONS = "";
				SWIFT_EMIT_LOC_STRINGS = YES;
				SWIFT_OBJC_BRIDGING_HEADER = "OrcaSlicerApp/Bridging-Header.h";
				SWIFT_VERSION = 5.0;
				TARGETED_DEVICE_FAMILY = "1,2,6";
				"LIBRARY_SEARCH_PATHS[sdk=macosx*]" = (
					"$(SRCROOT)/../build-macos-headless-arm64/engine_bundle/lib",
					"$(inherited)",
				);
				"OTHER_LDFLAGS[sdk=macosx*]" = (
					"$(inherited)",
					"-lorca_engine -lc++ -lz -liconv -lexpat -framework Foundation -framework ModelIO -framework IOKit -framework CoreFoundation -framework Security -framework SystemConfiguration -framework SceneKit -framework UIKit",
				);
				"SWIFT_ACTIVE_COMPILATION_CONDITIONS[sdk=macosx*]" = "ORCA_LINKED";
				"LIBRARY_SEARCH_PATHS[sdk=iphonesimulator*]" = (
					"$(SRCROOT)/../build-ios-iphonesimulator-arm64/engine_bundle/lib",
					"$(inherited)",
				);
				"OTHER_LDFLAGS[sdk=iphonesimulator*]" = (
					"$(inherited)",
					"-lorca_engine -lc++ -lz -liconv -lexpat -framework Foundation -framework ModelIO -framework Security -framework SystemConfiguration -framework SceneKit -framework UIKit",
				);
				"SWIFT_ACTIVE_COMPILATION_CONDITIONS[sdk=iphonesimulator*]" = "ORCA_LINKED";
				"ARCHS[sdk=iphonesimulator*]" = arm64;
				"VALID_ARCHS[sdk=iphonesimulator*]" = arm64;
				"LIBRARY_SEARCH_PATHS[sdk=iphoneos*]" = (
					"$(SRCROOT)/../build-ios-iphoneos-arm64/engine_bundle/lib",
					"$(inherited)",
				);
				"OTHER_LDFLAGS[sdk=iphoneos*]" = (
					"$(inherited)",
					"-lorca_engine -lc++ -lz -liconv -lexpat -framework Foundation -framework ModelIO -framework Security -framework SystemConfiguration -framework SceneKit -framework UIKit",
				);
				"SWIFT_ACTIVE_COMPILATION_CONDITIONS[sdk=iphoneos*]" = "ORCA_LINKED";
			};
			name = Debug;
		};
		EC785F7FB5174C23B5AE8C80 /* Release */ = {
			isa = XCBuildConfiguration;
			buildSettings = {
				ALWAYS_SEARCH_USER_PATHS = NO;
				ASSETCATALOG_COMPILER_APPICON_NAME = AppIcon;
				CLANG_ENABLE_MODULES = YES;
				CLANG_ENABLE_OBJC_ARC = YES;
				CODE_SIGN_STYLE = Automatic;
				CURRENT_PROJECT_VERSION = 1;
				DEVELOPMENT_TEAM = "6PU4X4CG8B";
				ENABLE_PREVIEWS = YES;
				GENERATE_INFOPLIST_FILE = NO;
				HEADER_SEARCH_PATHS = (
					"$(SRCROOT)/../src/ios",
					"$(inherited)",
				);
				INFOPLIST_FILE = OrcaSlicerApp/Info.plist;
				INFOPLIST_KEY_UIApplicationSceneManifest_Generation = YES;
				IPHONEOS_DEPLOYMENT_TARGET = 16.0;
				LD_RUNPATH_SEARCH_PATHS = (
					"$(inherited)",
					"@executable_path/Frameworks",
				);
				LIBRARY_SEARCH_PATHS = (
					"$(inherited)",
				);
				MACOSX_DEPLOYMENT_TARGET = 13.0;
				MARKETING_VERSION = 2.5.0;
				"EXCLUDED_ARCHS[sdk=iphonesimulator*]" = "x86_64 i386";
				ONLY_ACTIVE_ARCH = YES;
				OTHER_LDFLAGS = (
					"$(inherited)",
				);
				PRODUCT_BUNDLE_IDENTIFIER = com.orcaslicer.ios;
				PRODUCT_NAME = "$(TARGET_NAME)";
				SUPPORTED_PLATFORMS = "iphoneos iphonesimulator macosx";
				SUPPORTS_MACCATALYST = NO;
				SWIFT_ACTIVE_COMPILATION_CONDITIONS = "";
				SWIFT_EMIT_LOC_STRINGS = YES;
				SWIFT_OBJC_BRIDGING_HEADER = "OrcaSlicerApp/Bridging-Header.h";
				SWIFT_VERSION = 5.0;
				TARGETED_DEVICE_FAMILY = "1,2,6";
				"LIBRARY_SEARCH_PATHS[sdk=macosx*]" = (
					"$(SRCROOT)/../build-macos-headless-arm64/engine_bundle/lib",
					"$(inherited)",
				);
				"OTHER_LDFLAGS[sdk=macosx*]" = (
					"$(inherited)",
					"-lorca_engine -lc++ -lz -liconv -lexpat -framework Foundation -framework ModelIO -framework IOKit -framework CoreFoundation -framework Security -framework SystemConfiguration -framework SceneKit -framework UIKit",
				);
				"SWIFT_ACTIVE_COMPILATION_CONDITIONS[sdk=macosx*]" = "ORCA_LINKED";
				"LIBRARY_SEARCH_PATHS[sdk=iphonesimulator*]" = (
					"$(SRCROOT)/../build-ios-iphonesimulator-arm64/engine_bundle/lib",
					"$(inherited)",
				);
				"OTHER_LDFLAGS[sdk=iphonesimulator*]" = (
					"$(inherited)",
					"-lorca_engine -lc++ -lz -liconv -lexpat -framework Foundation -framework ModelIO -framework Security -framework SystemConfiguration -framework SceneKit -framework UIKit",
				);
				"SWIFT_ACTIVE_COMPILATION_CONDITIONS[sdk=iphonesimulator*]" = "ORCA_LINKED";
				"ARCHS[sdk=iphonesimulator*]" = arm64;
				"VALID_ARCHS[sdk=iphonesimulator*]" = arm64;
				"LIBRARY_SEARCH_PATHS[sdk=iphoneos*]" = (
					"$(SRCROOT)/../build-ios-iphoneos-arm64/engine_bundle/lib",
					"$(inherited)",
				);
				"OTHER_LDFLAGS[sdk=iphoneos*]" = (
					"$(inherited)",
					"-lorca_engine -lc++ -lz -liconv -lexpat -framework Foundation -framework ModelIO -framework Security -framework SystemConfiguration -framework SceneKit -framework UIKit",
				);
				"SWIFT_ACTIVE_COMPILATION_CONDITIONS[sdk=iphoneos*]" = "ORCA_LINKED";
			};
			name = Release;
		};
/* End XCBuildConfiguration section */

/* Begin XCConfigurationList section */
		9CBA0C6168B54BD5B1FB5A9F /* Build configuration list for PBXProject "OrcaSlicer" */ = {
			isa = XCConfigurationList;
			buildConfigurations = (
				5C375A3BAA2A42FC93271C8B /* Debug */,
				C2D5261FB7B84DB88EA1508F /* Release */,
			);
			defaultConfigurationIsVisible = 0;
			defaultConfigurationName = Release;
		};
		E8B9894B419E4B1396B8489D /* Build configuration list for PBXNativeTarget "OrcaSlicer" */ = {
			isa = XCConfigurationList;
			buildConfigurations = (
				2F89C05B7CE24E1CA3B64241 /* Debug */,
				EC785F7FB5174C23B5AE8C80 /* Release */,
			);
			defaultConfigurationIsVisible = 0;
			defaultConfigurationName = Release;
		};
/* End XCConfigurationList section */
	};
	rootObject = 324828397F394BE59642D8C3 /* Project object */;
}
